
Microsoft Visual Studio Solution File, Format Version 12.00
# Visual Studio 15
VisualStudioVersion = 15.0.27130.2020
MinimumVisualStudioVersion = 10.0.40219.1
Project("{9A19103F-16F7-4668-BE54-9A1E7A4F7556}") = "Domain", "Domain\Domain.csproj", "{6C612D4B-F002-4525-BB49-FDDCF6F2947C}"
EndProject
Project("{9A19103F-16F7-4668-BE54-9A1E7A4F7556}") = "Data", "Data\Data.csproj", "{4768365E-2715-4A00-9C01-53E2C69C86BF}"
EndProject
Project("{FAE04EC0-301F-11D3-BF4B-00C04F79EFBC}") = "Client", "Client\Client.csproj", "{EE99DCF9-D108-4A28-B190-F42EABF0CD17}"
EndProject
Project("{FAE04EC0-301F-11D3-BF4B-00C04F79EFBC}") = "Server", "Server\Server.csproj", "{DD6B55C6-B94E-4912-BF65-591F1D0F7147}"
EndProject
Project("{FAE04EC0-301F-11D3-BF4B-00C04F79EFBC}") = "Dummy", "Dummy\Dummy.csproj", "{E3EC8BAE-3ED5-4B98-896A-B6CFD6B7920D}"
EndProject
Global
	GlobalSection(SolutionConfigurationPlatforms) = preSolution
		Debug|Any CPU = Debug|Any CPU
		Release|Any CPU = Release|Any CPU
	EndGlobalSection
	GlobalSection(ProjectConfigurationPlatforms) = postSolution
		{6C612D4B-F002-4525-BB49-FDDCF6F2947C}.Debug|Any CPU.ActiveCfg = Debug|Any CPU
		{6C612D4B-F002-4525-BB49-FDDCF6F2947C}.Debug|Any CPU.Build.0 = Debug|Any CPU
		{6C612D4B-F002-4525-BB49-FDDCF6F2947C}.Release|Any CPU.ActiveCfg = Release|Any CPU
		{6C612D4B-F002-4525-BB49-FDDCF6F2947C}.Release|Any CPU.Build.0 = Release|Any CPU
		{4768365E-2715-4A00-9C01-53E2C69C86BF}.Debug|Any CPU.ActiveCfg = Debug|Any CPU
		{4768365E-2715-4A00-9C01-53E2C69C86BF}.Debug|Any CPU.Build.0 = Debug|Any CPU
		{4768365E-2715-4A00-9C01-53E2C69C86BF}.Release|Any CPU.ActiveCfg = Release|Any CPU
		{4768365E-2715-4A00-9C01-53E2C69C86BF}.Release|Any CPU.Build.0 = Release|Any CPU
		{EE99DCF9-D108-4A28-B190-F42EABF0CD17}.Debug|Any CPU.ActiveCfg = Debug|Any CPU
		{EE99DCF9-D108-4A28-B190-F42EABF0CD17}.Debug|Any CPU.Build.0 = Debug|Any CPU
		{EE99DCF9-D108-4A28-B190-F42EABF0CD17}.Release|Any CPU.ActiveCfg = Release|Any CPU
		{EE99DCF9-D108-4A28-B190-F42EABF0CD17}.Release|Any CPU.Build.0 = Release|Any CPU
		{DD6B55C6-B94E-4912-BF65-591F1D0F7147}.Debug|Any CPU.ActiveCfg = Debug|Any CPU
		{DD6B55C6-B94E-4912-BF65-591F1D0F7147}.Debug|Any CPU.Build.0 = Debug|Any CPU
		{DD6B55C6-B94E-4912-BF65-591F1D0F7147}.Release|Any CPU.ActiveCfg = Release|Any CPU
		{DD6B55C6-B94E-4912-BF65-591F1D0F7147}.Release|Any CPU.Build.0 = Release|Any CPU
		{E3EC8BAE-3ED5-4B98-896A-B6CFD6B7920D}.Debug|Any CPU.ActiveCfg = Debug|Any CPU
		{E3EC8BAE-3ED5-4B98-896A-B6CFD6B7920D}.Debug|Any CPU.Build.0 = Debug|Any CPU
		{E3EC8BAE-3ED5-4B98-896A-B6CFD6B7920D}.Release|Any CPU.ActiveCfg = Release|Any CPU
		{E3EC8BAE-3ED5-4B98-896A-B6CFD6B7920D}.Release|Any CPU.Build.0 = Release|Any CPU
	EndGlobalSection
	GlobalSection(SolutionProperties) = preSolution
		HideSolutionNode = FALSE
	EndGlobalSection
	GlobalSection(ExtensibilityGlobals) = postSolution
		SolutionGuid = {13964186-2A02-48AF-B246-8CC2342E0DEB}
	EndGlobalSection
EndGlobal
